{
  "originHash" : "e8f130fe30ac6cdc940ef06ee1e8535e9f46ffee6aeead1722b9525562f6ce08",
  "pins" : [
    {
      "identity" : "alamofire",
      "kind" : "remoteSourceControl",
      "location" : "https://github.com/Alamofire/Alamofire.git",
      "state" : {
        "revision" : "3dc6a42c7727c49bf26508e29b0a0b35f9c7e1ad",
        "version" : "5.8.1"
      }
    }
  ],
  "version" : 3
}
